
Microsoft Visual Studio Solution File, Format Version 12.00
# Visual Studio 2013
Project("{FAE04EC0-301F-11D3-BF4B-00C04F79EFBC}") = "UnityVS.WuxiaLua.CSharp", "UnityVS.WuxiaLua.CSharp.csproj", "{53EF1712-BEA3-C9FE-6C15-BAA7870A8204}"
EndProject
Project("{FAE04EC0-301F-11D3-BF4B-00C04F79EFBC}") = "UnityVS.WuxiaLua.CSharp.Editor", "UnityVS.WuxiaLua.CSharp.Editor.csproj", "{1BF6ABDF-35CC-5CA2-7E0D-3C8F97DCA3E1}"
EndProject
Global
	GlobalSection(SolutionConfigurationPlatforms) = preSolution
		Debug|Any CPU = Debug|Any CPU
		Release|Any CPU = Release|Any CPU
	EndGlobalSection
	GlobalSection(ProjectConfigurationPlatforms) = postSolution
		{53EF1712-BEA3-C9FE-6C15-BAA7870A8204}.Debug|Any CPU.ActiveCfg = Debug|Any CPU
		{53EF1712-BEA3-C9FE-6C15-BAA7870A8204}.Debug|Any CPU.Build.0 = Debug|Any CPU
		{53EF1712-BEA3-C9FE-6C15-BAA7870A8204}.Release|Any CPU.ActiveCfg = Release|Any CPU
		{53EF1712-BEA3-C9FE-6C15-BAA7870A8204}.Release|Any CPU.Build.0 = Release|Any CPU
		{1BF6ABDF-35CC-5CA2-7E0D-3C8F97DCA3E1}.Debug|Any CPU.ActiveCfg = Debug|Any CPU
		{1BF6ABDF-35CC-5CA2-7E0D-3C8F97DCA3E1}.Debug|Any CPU.Build.0 = Debug|Any CPU
		{1BF6ABDF-35CC-5CA2-7E0D-3C8F97DCA3E1}.Release|Any CPU.ActiveCfg = Release|Any CPU
		{1BF6ABDF-35CC-5CA2-7E0D-3C8F97DCA3E1}.Release|Any CPU.Build.0 = Release|Any CPU
	EndGlobalSection
	GlobalSection(SolutionProperties) = preSolution
		HideSolutionNode = FALSE
	EndGlobalSection
EndGlobal
